PODS:
  - Bolts (1.4.0):
    - Bolts/AppLinks (= 1.4.0)
    - Bolts/Tasks (= 1.4.0)
  - Bolts/AppLinks (1.4.0):
    - Bolts/Tasks
  - Bolts/Tasks (1.4.0)
  - CDTDatastore (0.18.0):
    - CDTDatastore/standard (= 0.18.0)
  - CDTDatastore/common-dependencies (0.18.0):
    - CDTDatastore/no-arc
    - CocoaLumberjack (~> 2.0)
  - CDTDatastore/no-arc (0.18.0)
  - CDTDatastore/standard (0.18.0):
    - CDTDatastore/common-dependencies
    - FMDB (= 2.3)
  - CloudantToolkit (1.2.0):
    - CloudantToolkit/standard (= 1.2.0)
  - CloudantToolkit/standard (1.2.0):
    - CDTDatastore (~> 0.18.0)
  - CocoaLumberjack (2.1.0):
    - CocoaLumberjack/Default (= 2.1.0)
    - CocoaLumberjack/Extensions (= 2.1.0)
  - CocoaLumberjack/Core (2.1.0)
  - CocoaLumberjack/Default (2.1.0):
    - CocoaLumberjack/Core
  - CocoaLumberjack/Extensions (2.1.0):
    - CocoaLumberjack/Default
  - Facebook-iOS-SDK (3.24.1):
    - Bolts (~> 1.2)
  - FMDB (2.3):
    - FMDB/standard (= 2.3)
  - FMDB/common (2.3)
  - FMDB/standard (2.3):
    - FMDB/common
  - IMFCore (1.0.6)
  - IMFData (1.2.0):
    - IMFData/standard (= 1.2.0)
  - IMFData/standard (1.2.0):
    - CloudantToolkit (~> 1.2.0)
    - IMFCore (~> 1.0.0)
  - IMFFacebookAuthentication (1.0.0):
    - Facebook-iOS-SDK (~> 3.19)
    - IMFCore (~> 1.0.0)
  - IMFPush (1.0.0):
    - IMFCore (~> 1.0.0)
  - IMFURLProtocol (1.0.0):
    - IMFCore (~> 1.0.0)

DEPENDENCIES:
  - IMFCore
  - IMFData
  - IMFFacebookAuthentication
  - IMFPush
  - IMFURLProtocol

SPEC CHECKSUMS:
  Bolts: 0e9bce58b9b9f5e8a7a4d47b16d2fabec289072b
  CDTDatastore: b6e99912058cc904e954f882dca5ac7b1f328352
  CloudantToolkit: 6584200939dbc38ce4f17b513208afaaf5d03da8
  CocoaLumberjack: d6627e7ad42e14d41a4fa2e6c7ae42489d5f3e8b
  Facebook-iOS-SDK: 08689c2690dc4e087b9c8e171e48667608b72a2a
  FMDB: 773d79bb74226959b7e2286b1d6e0bd857c88915
  IMFCore: b2a891b32b3c3e35e9ca7751aeb02e52bf3288f6
  IMFData: 96f7c165de95dfda6095cce62b9ddb1fe964a690
  IMFFacebookAuthentication: 065e0b5d377ecdb6e5fafb160fecb8d359b04375
  IMFPush: 40412a5cc2b4cd9e6db9034d58d0eaa16f0d0f58
  IMFURLProtocol: fd2897e8208aa24a03197fa6465e44ab346707f4

COCOAPODS: 0.38.2
